
Microsoft Visual Studio Solution File, Format Version 12.00
Project("{FAE04EC0-301F-11D3-BF4B-00C04F79EFBC}") = "Option", "Option\Option.csproj", "{2004C3AD-442C-4BD5-86A6-D6FEB770D7D9}"
EndProject
Project("{FAE04EC0-301F-11D3-BF4B-00C04F79EFBC}") = "Result", "Result\Result.csproj", "{6751DB79-E842-4233-A5F5-23ADFFD71F70}"
EndProject
Project("{FAE04EC0-301F-11D3-BF4B-00C04F79EFBC}") = "Testing", "Testing\Testing.csproj", "{24ACAB69-4168-44FD-8036-A591393FB5B9}"
EndProject
Global
	GlobalSection(SolutionConfigurationPlatforms) = preSolution
		Debug|Any CPU = Debug|Any CPU
		Release|Any CPU = Release|Any CPU
	EndGlobalSection
	GlobalSection(ProjectConfigurationPlatforms) = postSolution
		{2004C3AD-442C-4BD5-86A6-D6FEB770D7D9}.Debug|Any CPU.ActiveCfg = Debug|Any CPU
		{2004C3AD-442C-4BD5-86A6-D6FEB770D7D9}.Debug|Any CPU.Build.0 = Debug|Any CPU
		{2004C3AD-442C-4BD5-86A6-D6FEB770D7D9}.Release|Any CPU.ActiveCfg = Release|Any CPU
		{2004C3AD-442C-4BD5-86A6-D6FEB770D7D9}.Release|Any CPU.Build.0 = Release|Any CPU
		{6751DB79-E842-4233-A5F5-23ADFFD71F70}.Debug|Any CPU.ActiveCfg = Debug|Any CPU
		{6751DB79-E842-4233-A5F5-23ADFFD71F70}.Debug|Any CPU.Build.0 = Debug|Any CPU
		{6751DB79-E842-4233-A5F5-23ADFFD71F70}.Release|Any CPU.ActiveCfg = Release|Any CPU
		{6751DB79-E842-4233-A5F5-23ADFFD71F70}.Release|Any CPU.Build.0 = Release|Any CPU
		{24ACAB69-4168-44FD-8036-A591393FB5B9}.Debug|Any CPU.ActiveCfg = Debug|Any CPU
		{24ACAB69-4168-44FD-8036-A591393FB5B9}.Debug|Any CPU.Build.0 = Debug|Any CPU
		{24ACAB69-4168-44FD-8036-A591393FB5B9}.Release|Any CPU.ActiveCfg = Release|Any CPU
		{24ACAB69-4168-44FD-8036-A591393FB5B9}.Release|Any CPU.Build.0 = Release|Any CPU
	EndGlobalSection
EndGlobal
